Microsoft Visual Studio Solution File, Format Version 12.00
# Visual Studio Version 17
VisualStudioVersion = 17.1.32104.313
MinimumVisualStudioVersion = 10.0.40219.1
Project("{9A19103F-16F7-4668-BE54-9A1E7A4F7556}") = "C-DEngine", "C-DEngine\C-DEngine.csproj", "{EEEF4CCB-7687-40B6-8762-73D1B292B8C7}"
EndProject
Project("{9A19103F-16F7-4668-BE54-9A1E7A4F7556}") = "cdeUpdater", "Utilities\cdeUpdater\cdeUpdater.csproj", "{91C5C704-4777-46B5-9DC8-70D111DC4E23}"
EndProject
Project("{9A19103F-16F7-4668-BE54-9A1E7A4F7556}") = "cdePackager", "Utilities\cdePackager\cdePackager\cdePackager.csproj", "{9EB719A2-4C7E-459D-8E96-6398105209BD}"
EndProject
Project("{9A19103F-16F7-4668-BE54-9A1E7A4F7556}") = "cdePackagerTask", "Utilities\cdePackager\cdePackagerTask\cdePackagerTask.csproj", "{422492BF-8238-4B4D-8633-CD8251650B52}"
EndProject
Project("{2150E333-8FDC-42A3-9474-1A3956D46DE8}") = "cdePackager", "cdePackager", "{A95DA8B9-BEBE-4899-AA31-AEA75A69C12A}"
EndProject
Project("{D954291E-2A0B-460D-934E-DC6B0785DB48}") = "cdeNewtonsoft.JSON", "Utilities\cdeNewtonsoft.JSON\cdeNewtonsoft.JSON.shproj", "{3EF53A99-B09D-43E3-8F75-E5600D2F47E2}"
EndProject
Project("{D954291E-2A0B-460D-934E-DC6B0785DB48}") = "cdeZLIB", "Utilities\cdeZLIB\cdeZLIB.shproj", "{605AFF65-944E-4174-B92C-8180B3FA93C1}"
EndProject
Project("{2150E333-8FDC-42A3-9474-1A3956D46DE8}") = "Utilities", "Utilities", "{00302EB8-53C6-4EF3-A8D0-20A75FB95CB7}"
EndProject
Project("{9A19103F-16F7-4668-BE54-9A1E7A4F7556}") = "C-DEngine.Tests", "Tests\C-DEngine.Tests\C-DEngine.Tests.csproj", "{876458EC-9271-476D-B04C-4DBDBB062C12}"
EndProject
Project("{9A19103F-16F7-4668-BE54-9A1E7A4F7556}") = "CommonTestHost", "Tests\CommonTestHost\CommonTestHost.csproj", "{931CF659-4DF2-4FF9-9AAD-FD6F88E5B608}"
EndProject
Project("{9A19103F-16F7-4668-BE54-9A1E7A4F7556}") = "DataLogUtilities", "Tests\DataLogUtilities\DataLogUtilities.csproj", "{C4CA7E29-1FFF-4A90-9D9F-2840E9C0A34D}"
EndProject
Project("{2150E333-8FDC-42A3-9474-1A3956D46DE8}") = "Tests", "Tests", "{FA9B9528-9051-4F66-A5AE-EC2A81B9041F}"
EndProject
Project("{2150E333-8FDC-42A3-9474-1A3956D46DE8}") = "_Build", "_Build", "{9C5DEEDB-231D-4EBA-A026-7E2C65E2FBE2}"
	ProjectSection(SolutionItems) = preProject
		..\BuildTools\BuildReadme.md = ..\BuildTools\BuildReadme.md
		..\.github\CODEOWNERS = ..\.github\CODEOWNERS
		..\Directory.Build.props = ..\Directory.Build.props
		..\Directory.Build.targets = ..\Directory.Build.targets
		..\.github\workflows\dotnetcore.yml = ..\.github\workflows\dotnetcore.yml
		..\GitVersion.yml = ..\GitVersion.yml
		..\NuGet.config = ..\NuGet.config
		..\BuildTools\SignAndPackage.cmd = ..\BuildTools\SignAndPackage.cmd
		..\BuildTools\SignAndPackageS.cmd = ..\BuildTools\SignAndPackageS.cmd
		..\BuildTools\signMeSha.bat = ..\BuildTools\signMeSha.bat
	EndProjectSection
EndProject
Project("{2150E333-8FDC-42A3-9474-1A3956D46DE8}") = "_Readme", "_Readme", "{3CD9039E-D4C0-4F7A-842A-CD5286F3DADD}"
	ProjectSection(SolutionItems) = preProject
		..\readme.md = ..\readme.md
	EndProjectSection
EndProject
Project("{9A19103F-16F7-4668-BE54-9A1E7A4F7556}") = "cdeASPNet", "cdeASPNet\cdeASPNet.csproj", "{658CAB3B-FFAA-4CD9-BCDE-BDB68E5891C9}"
EndProject
Project("{2150E333-8FDC-42A3-9474-1A3956D46DE8}") = "Clouds", "Clouds", "{117A0345-D2A5-4FA6-909F-B0890EF244E3}"
EndProject
Project("{2150E333-8FDC-42A3-9474-1A3956D46DE8}") = "_Licenses", "_Licenses", "{2EE87283-62D6-4CD4-ACB2-04873DA9C6E3}"
	ProjectSection(SolutionItems) = preProject
		..\LICENSES\Apache-2.0.txt = ..\LICENSES\Apache-2.0.txt
		..\LICENSES\BSD-3-Clause.txt = ..\LICENSES\BSD-3-Clause.txt
		..\LICENSES\CC-BY-4.0.txt = ..\LICENSES\CC-BY-4.0.txt
		..\.reuse\dep5 = ..\.reuse\dep5
		..\LICENSE = ..\LICENSE
		..\LICENSES\MIT.txt = ..\LICENSES\MIT.txt
		..\LICENSES\MPL-2.0.txt = ..\LICENSES\MPL-2.0.txt
		..\LICENSES\MS-PL.txt = ..\LICENSES\MS-PL.txt
	EndProjectSection
EndProject
Global
	GlobalSection(SolutionConfigurationPlatforms) = preSolution
		Debug|Any CPU = Debug|Any CPU
		Release|Any CPU = Release|Any CPU
	EndGlobalSection
	GlobalSection(ProjectConfigurationPlatforms) = postSolution
		{EEEF4CCB-7687-40B6-8762-73D1B292B8C7}.Debug|Any CPU.ActiveCfg = Debug|Any CPU
		{EEEF4CCB-7687-40B6-8762-73D1B292B8C7}.Debug|Any CPU.Build.0 = Debug|Any CPU
		{EEEF4CCB-7687-40B6-8762-73D1B292B8C7}.Release|Any CPU.ActiveCfg = Release|Any CPU
		{EEEF4CCB-7687-40B6-8762-73D1B292B8C7}.Release|Any CPU.Build.0 = Release|Any CPU
		{91C5C704-4777-46B5-9DC8-70D111DC4E23}.Debug|Any CPU.ActiveCfg = Debug|Any CPU
		{91C5C704-4777-46B5-9DC8-70D111DC4E23}.Debug|Any CPU.Build.0 = Debug|Any CPU
		{91C5C704-4777-46B5-9DC8-70D111DC4E23}.Release|Any CPU.ActiveCfg = Release|Any CPU
		{91C5C704-4777-46B5-9DC8-70D111DC4E23}.Release|Any CPU.Build.0 = Release|Any CPU
		{9EB719A2-4C7E-459D-8E96-6398105209BD}.Debug|Any CPU.ActiveCfg = Debug|Any CPU
		{9EB719A2-4C7E-459D-8E96-6398105209BD}.Debug|Any CPU.Build.0 = Debug|Any CPU
		{9EB719A2-4C7E-459D-8E96-6398105209BD}.Release|Any CPU.ActiveCfg = Release|Any CPU
		{9EB719A2-4C7E-459D-8E96-6398105209BD}.Release|Any CPU.Build.0 = Release|Any CPU
		{422492BF-8238-4B4D-8633-CD8251650B52}.Debug|Any CPU.ActiveCfg = Debug|Any CPU
		{422492BF-8238-4B4D-8633-CD8251650B52}.Debug|Any CPU.Build.0 = Debug|Any CPU
		{422492BF-8238-4B4D-8633-CD8251650B52}.Release|Any CPU.ActiveCfg = Release|Any CPU
		{422492BF-8238-4B4D-8633-CD8251650B52}.Release|Any CPU.Build.0 = Release|Any CPU
		{876458EC-9271-476D-B04C-4DBDBB062C12}.Debug|Any CPU.ActiveCfg = Debug|Any CPU
		{876458EC-9271-476D-B04C-4DBDBB062C12}.Debug|Any CPU.Build.0 = Debug|Any CPU
		{876458EC-9271-476D-B04C-4DBDBB062C12}.Release|Any CPU.ActiveCfg = Release|Any CPU
		{876458EC-9271-476D-B04C-4DBDBB062C12}.Release|Any CPU.Build.0 = Release|Any CPU
		{931CF659-4DF2-4FF9-9AAD-FD6F88E5B608}.Debug|Any CPU.ActiveCfg = Debug|Any CPU
		{931CF659-4DF2-4FF9-9AAD-FD6F88E5B608}.Debug|Any CPU.Build.0 = Debug|Any CPU
		{931CF659-4DF2-4FF9-9AAD-FD6F88E5B608}.Release|Any CPU.ActiveCfg = Release|Any CPU
		{931CF659-4DF2-4FF9-9AAD-FD6F88E5B608}.Release|Any CPU.Build.0 = Release|Any CPU
		{C4CA7E29-1FFF-4A90-9D9F-2840E9C0A34D}.Debug|Any CPU.ActiveCfg = Debug|Any CPU
		{C4CA7E29-1FFF-4A90-9D9F-2840E9C0A34D}.Debug|Any CPU.Build.0 = Debug|Any CPU
		{C4CA7E29-1FFF-4A90-9D9F-2840E9C0A34D}.Release|Any CPU.ActiveCfg = Release|Any CPU
		{C4CA7E29-1FFF-4A90-9D9F-2840E9C0A34D}.Release|Any CPU.Build.0 = Release|Any CPU
		{658CAB3B-FFAA-4CD9-BCDE-BDB68E5891C9}.Debug|Any CPU.ActiveCfg = Debug|Any CPU
		{658CAB3B-FFAA-4CD9-BCDE-BDB68E5891C9}.Debug|Any CPU.Build.0 = Debug|Any CPU
		{658CAB3B-FFAA-4CD9-BCDE-BDB68E5891C9}.Release|Any CPU.ActiveCfg = Release|Any CPU
		{658CAB3B-FFAA-4CD9-BCDE-BDB68E5891C9}.Release|Any CPU.Build.0 = Release|Any CPU
	EndGlobalSection
	GlobalSection(SolutionProperties) = preSolution
		HideSolutionNode = FALSE
	EndGlobalSection
	GlobalSection(NestedProjects) = preSolution
		{91C5C704-4777-46B5-9DC8-70D111DC4E23} = {00302EB8-53C6-4EF3-A8D0-20A75FB95CB7}
		{9EB719A2-4C7E-459D-8E96-6398105209BD} = {A95DA8B9-BEBE-4899-AA31-AEA75A69C12A}
		{422492BF-8238-4B4D-8633-CD8251650B52} = {A95DA8B9-BEBE-4899-AA31-AEA75A69C12A}
		{A95DA8B9-BEBE-4899-AA31-AEA75A69C12A} = {00302EB8-53C6-4EF3-A8D0-20A75FB95CB7}
		{3EF53A99-B09D-43E3-8F75-E5600D2F47E2} = {00302EB8-53C6-4EF3-A8D0-20A75FB95CB7}
		{605AFF65-944E-4174-B92C-8180B3FA93C1} = {00302EB8-53C6-4EF3-A8D0-20A75FB95CB7}
		{876458EC-9271-476D-B04C-4DBDBB062C12} = {FA9B9528-9051-4F66-A5AE-EC2A81B9041F}
		{931CF659-4DF2-4FF9-9AAD-FD6F88E5B608} = {FA9B9528-9051-4F66-A5AE-EC2A81B9041F}
		{C4CA7E29-1FFF-4A90-9D9F-2840E9C0A34D} = {FA9B9528-9051-4F66-A5AE-EC2A81B9041F}
		{658CAB3B-FFAA-4CD9-BCDE-BDB68E5891C9} = {117A0345-D2A5-4FA6-909F-B0890EF244E3}
	EndGlobalSection
	GlobalSection(ExtensibilityGlobals) = postSolution
		SolutionGuid = {CA8F4461-CFC8-4CD6-83A1-8AEB7A8B85DC}
	EndGlobalSection
	GlobalSection(SharedMSBuildProjectFiles) = preSolution
		Utilities\cdeNewtonsoft.JSON\cdeNewtonsoft.JSON.projitems*{3ef53a99-b09d-43e3-8f75-e5600d2f47e2}*SharedItemsImports = 13
		Utilities\cdeZLIB\cdeZLIB.projitems*{605aff65-944e-4174-b92c-8180b3fa93c1}*SharedItemsImports = 13
		Utilities\cdeZLIB\cdeZLIB.projitems*{91c5c704-4777-46b5-9dc8-70d111dc4e23}*SharedItemsImports = 5
		Utilities\cdeNewtonsoft.JSON\cdeNewtonsoft.JSON.projitems*{eeef4ccb-7687-40b6-8762-73d1b292b8c7}*SharedItemsImports = 5
	EndGlobalSection
EndGlobal
